github.com/redmorin01/LivreGo-source v0.0.0-20240203213143-005b891526d4 h1:GMu4RnwcsxHRLvUajVQVUboM9MsrB/a1WpP7fKu6Htk=
github.com/redmorin01/LivreGo-source v0.0.0-20240203213143-005b891526d4/go.mod h1:RZ4ZjhoU5sT3rfiHEg39GO6k+qXeaXP10qF3EKYCBMs=
github.com/redmorin01/LivreGo-source v0.0.0-20240205210008-3e5ffa098c73 h1:7rqbdWpSVro9Y9/n8rO9Ucd5eYZV9Afi7EraKRHxSos=
github.com/redmorin01/LivreGo-source v0.0.0-20240205210008-3e5ffa098c73/go.mod h1:RZ4ZjhoU5sT3rfiHEg39GO6k+qXeaXP10qF3EKYCBMs=
